
Microsoft Visual Studio Solution File, Format Version 12.00
# Visual Studio Version 17
VisualStudioVersion = 17.0.32126.317
MinimumVisualStudioVersion = 10.0.40219.1
Project("{FAE04EC0-301F-11D3-BF4B-00C04F79EFBC}") = "ekeisBattleship", "ekeisBattleship\ekeisBattleship.csproj", "{4E65FF47-493E-4C13-AEF2-9DB32EBB35BA}"
EndProject
Global
	GlobalSection(SolutionConfigurationPlatforms) = preSolution
		Debug|Any CPU = Debug|Any CPU
		Release|Any CPU = Release|Any CPU
	EndGlobalSection
	GlobalSection(ProjectConfigurationPlatforms) = postSolution
		{4E65FF47-493E-4C13-AEF2-9DB32EBB35BA}.Debug|Any CPU.ActiveCfg = Debug|Any CPU
		{4E65FF47-493E-4C13-AEF2-9DB32EBB35BA}.Debug|Any CPU.Build.0 = Debug|Any CPU
		{4E65FF47-493E-4C13-AEF2-9DB32EBB35BA}.Release|Any CPU.ActiveCfg = Release|Any CPU
		{4E65FF47-493E-4C13-AEF2-9DB32EBB35BA}.Release|Any CPU.Build.0 = Release|Any CPU
	EndGlobalSection
	GlobalSection(SolutionProperties) = preSolution
		HideSolutionNode = FALSE
	EndGlobalSection
	GlobalSection(ExtensibilityGlobals) = postSolution
		SolutionGuid = {378D9D68-2CD5-4830-A8D2-44DA1D3E5C3F}
	EndGlobalSection
EndGlobal
